# generated by rye
# use `rye lock` or `rye sync` to update this lockfile
#
# last locked with the following flags:
#   pre: false
#   features: []
#   all-features: false
#   with-sources: false

-e file:.
coverage==7.4.0
    # via coverage-sh
python-magic==0.4.27
    # via coverage-sh
tree-sitter==0.20.4
    # via tree-sitter-languages
tree-sitter-languages==1.9.1
    # via coverage-sh
