# generated by rye
# use `rye lock` or `rye sync` to update this lockfile
#
# last locked with the following flags:
#   pre: false
#   features: []
#   all-features: false
#   with-sources: false
#   generate-hashes: false
#   universal: false

-e file:.
appdirs==1.4.4
    # via git-changelog
bump2version==1.0.1
    # via mev-commit-sdk-py
git-changelog==2.5.2
    # via mev-commit-sdk-py
hypersync==0.8.3
    # via mev-commit-sdk-py
jinja2==3.1.4
    # via git-changelog
markupsafe==2.1.5
    # via jinja2
numpy==2.0.1
    # via pyarrow
packaging==24.1
    # via git-changelog
polars==1.2.1
    # via mev-commit-sdk-py
pyarrow==17.0.0
    # via mev-commit-sdk-py
python-dotenv==1.0.1
    # via mev-commit-sdk-py
semver==3.0.2
    # via git-changelog
strenum==0.4.15
    # via hypersync
